
Microsoft Visual Studio Solution File, Format Version 12.00
# Visual Studio Version 17
VisualStudioVersion = 17.3.32811.315
MinimumVisualStudioVersion = 10.0.40219.1
Project("{FAE04EC0-301F-11D3-BF4B-00C04F79EFBC}") = "Uppgift 3.16", "Uppgift 3.16\Uppgift 3.16.csproj", "{2D7E6A18-2FAA-4C33-8FDB-E647D9E762EA}"
EndProject
Global
	GlobalSection(SolutionConfigurationPlatforms) = preSolution
		Debug|Any CPU = Debug|Any CPU
		Release|Any CPU = Release|Any CPU
	EndGlobalSection
	GlobalSection(ProjectConfigurationPlatforms) = postSolution
		{2D7E6A18-2FAA-4C33-8FDB-E647D9E762EA}.Debug|Any CPU.ActiveCfg = Debug|Any CPU
		{2D7E6A18-2FAA-4C33-8FDB-E647D9E762EA}.Debug|Any CPU.Build.0 = Debug|Any CPU
		{2D7E6A18-2FAA-4C33-8FDB-E647D9E762EA}.Release|Any CPU.ActiveCfg = Release|Any CPU
		{2D7E6A18-2FAA-4C33-8FDB-E647D9E762EA}.Release|Any CPU.Build.0 = Release|Any CPU
	EndGlobalSection
	GlobalSection(SolutionProperties) = preSolution
		HideSolutionNode = FALSE
	EndGlobalSection
	GlobalSection(ExtensibilityGlobals) = postSolution
		SolutionGuid = {39D31BA2-4214-43FC-93A0-2B5214B75301}
	EndGlobalSection
EndGlobal
